// !$*UTF8*$!
{
	archiveVersion = 1;
	classes = {
	};
	objectVersion = 77;
	objects = {

/* Begin PBXBuildFile section */
		03C8238D8069DE4664D808ED /* ContentView.swift in Sources */ = {isa = PBXBuildFile; fileRef = C272ED60A72AC843B6084B36 /* ContentView.swift */; };
		0C8E5828484E8FBA6F240D8A /* SessionMirrorStore.swift in Sources */ = {isa = PBXBuildFile; fileRef = 304B55E2363CDB34189D560E /* SessionMirrorStore.swift */; };
		1E14315A1C7BA2027701A0FD /* SessionStreamReducer.swift in Sources */ = {isa = PBXBuildFile; fileRef = 2E93E37CC2F03423AF4E7F13 /* SessionStreamReducer.swift */; };
		24EB94055C91E34424CD82C0 /* CodeNativeiOSDemoUITests.swift in Sources */ = {isa = PBXBuildFile; fileRef = 7E4A62FAB53671C8773012B6 /* CodeNativeiOSDemoUITests.swift */; };
		2F6F9839AAE46F4A9EE0E4EA /* Assets.xcassets in Resources */ = {isa = PBXBuildFile; fileRef = 618D4CABFE662E95B8BCAD2C /* Assets.xcassets */; };
		334C8720AD8F258637BD9384 /* WorkflowSettings.swift in Sources */ = {isa = PBXBuildFile; fileRef = B0F3AEB2BEF6562DA12BEBC0 /* WorkflowSettings.swift */; };
		757655A590C37F72E2515462 /* IDEIntegration.swift in Sources */ = {isa = PBXBuildFile; fileRef = 8C2788246EE801773BE7C592 /* IDEIntegration.swift */; };
		7CCDF2ECCC5AE2B696446BC3 /* ComposerAssist.swift in Sources */ = {isa = PBXBuildFile; fileRef = 965CFB4438D9D257675783EB /* ComposerAssist.swift */; };
		8BEFD13DFED8EC10CEF3EC84 /* VoiceInteractionPolicy.swift in Sources */ = {isa = PBXBuildFile; fileRef = A049EF0E18C371E7894B2D0C /* VoiceInteractionPolicy.swift */; };
		93D15A59A0D04E8232BDFD9B /* SessionVisibility.swift in Sources */ = {isa = PBXBuildFile; fileRef = 32F0C804B3D6D16C59339D7A /* SessionVisibility.swift */; };
		A398BEA621B89841204EC5A6 /* VoiceOutputController.swift in Sources */ = {isa = PBXBuildFile; fileRef = 95F52E697B95B5C4B2FC5ADA /* VoiceOutputController.swift */; };
		A3DDFBD9AE7EAE285A1EA89B /* SessionProtocol.swift in Sources */ = {isa = PBXBuildFile; fileRef = 0372532E4BE36A1B3DAA85F1 /* SessionProtocol.swift */; };
		A54889FA59C1D833CCBAAFF9 /* CodeNativeiOSDemoApp.swift in Sources */ = {isa = PBXBuildFile; fileRef = 803CA2EB2C0C43A5D049C67F /* CodeNativeiOSDemoApp.swift */; };
		CAC5023FFA0E0B446943F746 /* DiffRecovery.swift in Sources */ = {isa = PBXBuildFile; fileRef = FED1894DD4C10E18C84EC817 /* DiffRecovery.swift */; };
		D9F9626E486F28DE142354BB /* VoiceInputController.swift in Sources */ = {isa = PBXBuildFile; fileRef = C41EF688226672A2778147C9 /* VoiceInputController.swift */; };
		EE2381482F2B21C82D12058E /* SessionRailLayout.swift in Sources */ = {isa = PBXBuildFile; fileRef = 1C17C8D09A3541B4E5270D90 /* SessionRailLayout.swift */; };
/* End PBXBuildFile section */

/* Begin PBXContainerItemProxy section */
		6D44FCA6A354F5E0ED82AC74 /* PBXContainerItemProxy */ = {
			isa = PBXContainerItemProxy;
			containerPortal = 51C9E763DB0612FC6336E97A /* Project object */;
			proxyType = 1;
			remoteGlobalIDString = C6AFC0C71C520E1E2248601B;
			remoteInfo = CodeNativeiOSDemo;
		};
/* End PBXContainerItemProxy section */

/* Begin PBXFileReference section */
		0372532E4BE36A1B3DAA85F1 /* SessionProtocol.swift */ = {isa = PBXFileReference; lastKnownFileType = sourcecode.swift; path = SessionProtocol.swift; sourceTree = "<group>"; };
		1ABFE7A95769D63F009B491E /* CodeNativeiOSDemo.app */ = {isa = PBXFileReference; includeInIndex = 0; lastKnownFileType = wrapper.application; path = CodeNativeiOSDemo.app; sourceTree = BUILT_PRODUCTS_DIR; };
		1C17C8D09A3541B4E5270D90 /* SessionRailLayout.swift */ = {isa = PBXFileReference; lastKnownFileType = sourcecode.swift; path = SessionRailLayout.swift; sourceTree = "<group>"; };
		2E93E37CC2F03423AF4E7F13 /* SessionStreamReducer.swift */ = {isa = PBXFileReference; lastKnownFileType = sourcecode.swift; path = SessionStreamReducer.swift; sourceTree = "<group>"; };
		304B55E2363CDB34189D560E /* SessionMirrorStore.swift */ = {isa = PBXFileReference; lastKnownFileType = sourcecode.swift; path = SessionMirrorStore.swift; sourceTree = "<group>"; };
		32F0C804B3D6D16C59339D7A /* SessionVisibility.swift */ = {isa = PBXFileReference; lastKnownFileType = sourcecode.swift; path = SessionVisibility.swift; sourceTree = "<group>"; };
		618D4CABFE662E95B8BCAD2C /* Assets.xcassets */ = {isa = PBXFileReference; lastKnownFileType = folder.assetcatalog; path = Assets.xcassets; sourceTree = "<group>"; };
		7E4A62FAB53671C8773012B6 /* CodeNativeiOSDemoUITests.swift */ = {isa = PBXFileReference; lastKnownFileType = sourcecode.swift; path = CodeNativeiOSDemoUITests.swift; sourceTree = "<group>"; };
		803CA2EB2C0C43A5D049C67F /* CodeNativeiOSDemoApp.swift */ = {isa = PBXFileReference; lastKnownFileType = sourcecode.swift; path = CodeNativeiOSDemoApp.swift; sourceTree = "<group>"; };
		8C2788246EE801773BE7C592 /* IDEIntegration.swift */ = {isa = PBXFileReference; lastKnownFileType = sourcecode.swift; path = IDEIntegration.swift; sourceTree = "<group>"; };
		95F52E697B95B5C4B2FC5ADA /* VoiceOutputController.swift */ = {isa = PBXFileReference; lastKnownFileType = sourcecode.swift; path = VoiceOutputController.swift; sourceTree = "<group>"; };
		965CFB4438D9D257675783EB /* ComposerAssist.swift */ = {isa = PBXFileReference; lastKnownFileType = sourcecode.swift; path = ComposerAssist.swift; sourceTree = "<group>"; };
		A049EF0E18C371E7894B2D0C /* VoiceInteractionPolicy.swift */ = {isa = PBXFileReference; lastKnownFileType = sourcecode.swift; path = VoiceInteractionPolicy.swift; sourceTree = "<group>"; };
		B0F3AEB2BEF6562DA12BEBC0 /* WorkflowSettings.swift */ = {isa = PBXFileReference; lastKnownFileType = sourcecode.swift; path = WorkflowSettings.swift; sourceTree = "<group>"; };
		C272ED60A72AC843B6084B36 /* ContentView.swift */ = {isa = PBXFileReference; lastKnownFileType = sourcecode.swift; path = ContentView.swift; sourceTree = "<group>"; };
		C41EF688226672A2778147C9 /* VoiceInputController.swift */ = {isa = PBXFileReference; lastKnownFileType = sourcecode.swift; path = VoiceInputController.swift; sourceTree = "<group>"; };
		CF498EBFA1191BC6401ACFCF /* CodeNativeiOSDemoUITests.xctest */ = {isa = PBXFileReference; includeInIndex = 0; lastKnownFileType = wrapper.cfbundle; path = CodeNativeiOSDemoUITests.xctest; sourceTree = BUILT_PRODUCTS_DIR; };
		FED1894DD4C10E18C84EC817 /* DiffRecovery.swift */ = {isa = PBXFileReference; lastKnownFileType = sourcecode.swift; path = DiffRecovery.swift; sourceTree = "<group>"; };
/* End PBXFileReference section */

/* Begin PBXGroup section */
		1A9C3F5625E2C911DC50EB2D = {
			isa = PBXGroup;
			children = (
				F1E878BC710E3ED121D49769 /* App */,
				4F4EE68BD6B2A3FD3A1CCD42 /* CodeNativeApp */,
				4F3622547B9D9D0D973EFF21 /* CodeNativeiOSDemoUITests */,
				ADEC907C365610E921E0EBCD /* Products */,
			);
			sourceTree = "<group>";
		};
		4F3622547B9D9D0D973EFF21 /* CodeNativeiOSDemoUITests */ = {
			isa = PBXGroup;
			children = (
				7E4A62FAB53671C8773012B6 /* CodeNativeiOSDemoUITests.swift */,
			);
			path = CodeNativeiOSDemoUITests;
			sourceTree = "<group>";
		};
		4F4EE68BD6B2A3FD3A1CCD42 /* CodeNativeApp */ = {
			isa = PBXGroup;
			children = (
				965CFB4438D9D257675783EB /* ComposerAssist.swift */,
				C272ED60A72AC843B6084B36 /* ContentView.swift */,
				FED1894DD4C10E18C84EC817 /* DiffRecovery.swift */,
				8C2788246EE801773BE7C592 /* IDEIntegration.swift */,
				304B55E2363CDB34189D560E /* SessionMirrorStore.swift */,
				0372532E4BE36A1B3DAA85F1 /* SessionProtocol.swift */,
				1C17C8D09A3541B4E5270D90 /* SessionRailLayout.swift */,
				2E93E37CC2F03423AF4E7F13 /* SessionStreamReducer.swift */,
				32F0C804B3D6D16C59339D7A /* SessionVisibility.swift */,
				C41EF688226672A2778147C9 /* VoiceInputController.swift */,
				A049EF0E18C371E7894B2D0C /* VoiceInteractionPolicy.swift */,
				95F52E697B95B5C4B2FC5ADA /* VoiceOutputController.swift */,
				B0F3AEB2BEF6562DA12BEBC0 /* WorkflowSettings.swift */,
			);
			name = CodeNativeApp;
			path = ../CodeNative/Sources/CodeNativeApp;
			sourceTree = "<group>";
		};
		ADEC907C365610E921E0EBCD /* Products */ = {
			isa = PBXGroup;
			children = (
				1ABFE7A95769D63F009B491E /* CodeNativeiOSDemo.app */,
				CF498EBFA1191BC6401ACFCF /* CodeNativeiOSDemoUITests.xctest */,
			);
			name = Products;
			sourceTree = "<group>";
		};
		F1E878BC710E3ED121D49769 /* App */ = {
			isa = PBXGroup;
			children = (
				618D4CABFE662E95B8BCAD2C /* Assets.xcassets */,
				803CA2EB2C0C43A5D049C67F /* CodeNativeiOSDemoApp.swift */,
			);
			name = App;
			path = CodeNativeiOSDemo/App;
			sourceTree = "<group>";
		};
/* End PBXGroup section */

/* Begin PBXNativeTarget section */
		C6AFC0C71C520E1E2248601B /* CodeNativeiOSDemo */ = {
			isa = PBXNativeTarget;
			buildConfigurationList = 9656ADB73739964F9207C423 /* Build configuration list for PBXNativeTarget "CodeNativeiOSDemo" */;
			buildPhases = (
				841DED904AE7EAE070AC87EE /* Sources */,
				1C8A22ABBEC06C57CFBD21C0 /* Resources */,
			);
			buildRules = (
			);
			dependencies = (
			);
			name = CodeNativeiOSDemo;
			packageProductDependencies = (
			);
			productName = CodeNativeiOSDemo;
			productReference = 1ABFE7A95769D63F009B491E /* CodeNativeiOSDemo.app */;
			productType = "com.apple.product-type.application";
		};
		FA94FE6D621D1D28733B6973 /* CodeNativeiOSDemoUITests */ = {
			isa = PBXNativeTarget;
			buildConfigurationList = D83059079F8F0E6E5ACD8A30 /* Build configuration list for PBXNativeTarget "CodeNativeiOSDemoUITests" */;
			buildPhases = (
				2C7182ADF27E91FD15206854 /* Sources */,
			);
			buildRules = (
			);
			dependencies = (
				BA82E68CD12A1491D60DE125 /* PBXTargetDependency */,
			);
			name = CodeNativeiOSDemoUITests;
			packageProductDependencies = (
			);
			productName = CodeNativeiOSDemoUITests;
			productReference = CF498EBFA1191BC6401ACFCF /* CodeNativeiOSDemoUITests.xctest */;
			productType = "com.apple.product-type.bundle.ui-testing";
		};
/* End PBXNativeTarget section */

/* Begin PBXProject section */
		51C9E763DB0612FC6336E97A /* Project object */ = {
			isa = PBXProject;
			attributes = {
				BuildIndependentTargetsInParallel = YES;
				LastUpgradeCheck = 1430;
				TargetAttributes = {
					FA94FE6D621D1D28733B6973 = {
						TestTargetID = C6AFC0C71C520E1E2248601B;
					};
				};
			};
			buildConfigurationList = DF7F15A212B77F27D4A05CE6 /* Build configuration list for PBXProject "CodeNativeiOSDemo" */;
			compatibilityVersion = "Xcode 14.0";
			developmentRegion = en;
			hasScannedForEncodings = 0;
			knownRegions = (
				Base,
				en,
			);
			mainGroup = 1A9C3F5625E2C911DC50EB2D;
			minimizedProjectReferenceProxies = 1;
			preferredProjectObjectVersion = 77;
			projectDirPath = "";
			projectRoot = "";
			targets = (
				C6AFC0C71C520E1E2248601B /* CodeNativeiOSDemo */,
				FA94FE6D621D1D28733B6973 /* CodeNativeiOSDemoUITests */,
			);
		};
/* End PBXProject section */

/* Begin PBXResourcesBuildPhase section */
		1C8A22ABBEC06C57CFBD21C0 /* Resources */ = {
			isa = PBXResourcesBuildPhase;
			buildActionMask = 2147483647;
			files = (
				2F6F9839AAE46F4A9EE0E4EA /* Assets.xcassets in Resources */,
			);
			runOnlyForDeploymentPostprocessing = 0;
		};
/* End PBXResourcesBuildPhase section */

/* Begin PBXSourcesBuildPhase section */
		2C7182ADF27E91FD15206854 /* Sources */ = {
			isa = PBXSourcesBuildPhase;
			buildActionMask = 2147483647;
			files = (
				24EB94055C91E34424CD82C0 /* CodeNativeiOSDemoUITests.swift in Sources */,
			);
			runOnlyForDeploymentPostprocessing = 0;
		};
		841DED904AE7EAE070AC87EE /* Sources */ = {
			isa = PBXSourcesBuildPhase;
			buildActionMask = 2147483647;
			files = (
				A54889FA59C1D833CCBAAFF9 /* CodeNativeiOSDemoApp.swift in Sources */,
				7CCDF2ECCC5AE2B696446BC3 /* ComposerAssist.swift in Sources */,
				03C8238D8069DE4664D808ED /* ContentView.swift in Sources */,
				CAC5023FFA0E0B446943F746 /* DiffRecovery.swift in Sources */,
				757655A590C37F72E2515462 /* IDEIntegration.swift in Sources */,
				0C8E5828484E8FBA6F240D8A /* SessionMirrorStore.swift in Sources */,
				A3DDFBD9AE7EAE285A1EA89B /* SessionProtocol.swift in Sources */,
				EE2381482F2B21C82D12058E /* SessionRailLayout.swift in Sources */,
				1E14315A1C7BA2027701A0FD /* SessionStreamReducer.swift in Sources */,
				93D15A59A0D04E8232BDFD9B /* SessionVisibility.swift in Sources */,
				D9F9626E486F28DE142354BB /* VoiceInputController.swift in Sources */,
				8BEFD13DFED8EC10CEF3EC84 /* VoiceInteractionPolicy.swift in Sources */,
				A398BEA621B89841204EC5A6 /* VoiceOutputController.swift in Sources */,
				334C8720AD8F258637BD9384 /* WorkflowSettings.swift in Sources */,
			);
			runOnlyForDeploymentPostprocessing = 0;
		};
/* End PBXSourcesBuildPhase section */

/* Begin PBXTargetDependency section */
		BA82E68CD12A1491D60DE125 /* PBXTargetDependency */ = {
			isa = PBXTargetDependency;
			target = C6AFC0C71C520E1E2248601B /* CodeNativeiOSDemo */;
			targetProxy = 6D44FCA6A354F5E0ED82AC74 /* PBXContainerItemProxy */;
		};
/* End PBXTargetDependency section */

/* Begin XCBuildConfiguration section */
		091F8FD567B199B33AF06AD7 /* Debug */ = {
			isa = XCBuildConfiguration;
			buildSettings = {
				ALWAYS_SEARCH_USER_PATHS = NO;
				CLANG_ANALYZER_NONNULL = YES;
				CLANG_ANALYZER_NUMBER_OBJECT_CONVERSION = YES_AGGRESSIVE;
				CLANG_CXX_LANGUAGE_STANDARD = "gnu++14";
				CLANG_CXX_LIBRARY = "libc++";
				CLANG_ENABLE_MODULES = YES;
				CLANG_ENABLE_OBJC_ARC = YES;
				CLANG_ENABLE_OBJC_WEAK = YES;
				CLANG_WARN_BLOCK_CAPTURE_AUTORELEASING = YES;
				CLANG_WARN_BOOL_CONVERSION = YES;
				CLANG_WARN_COMMA = YES;
				CLANG_WARN_CONSTANT_CONVERSION = YES;
				CLANG_WARN_DEPRECATED_OBJC_IMPLEMENTATIONS = YES;
				CLANG_WARN_DIRECT_OBJC_ISA_USAGE = YES_ERROR;
				CLANG_WARN_DOCUMENTATION_COMMENTS = YES;
				CLANG_WARN_EMPTY_BODY = YES;
				CLANG_WARN_ENUM_CONVERSION = YES;
				CLANG_WARN_INFINITE_RECURSION = YES;
				CLANG_WARN_INT_CONVERSION = YES;
				CLANG_WARN_NON_LITERAL_NULL_CONVERSION = YES;
				CLANG_WARN_OBJC_IMPLICIT_RETAIN_SELF = YES;
				CLANG_WARN_OBJC_LITERAL_CONVERSION = YES;
				CLANG_WARN_OBJC_ROOT_CLASS = YES_ERROR;
				CLANG_WARN_QUOTED_INCLUDE_IN_FRAMEWORK_HEADER = YES;
				CLANG_WARN_RANGE_LOOP_ANALYSIS = YES;
				CLANG_WARN_STRICT_PROTOTYPES = YES;
				CLANG_WARN_SUSPICIOUS_MOVE = YES;
				CLANG_WARN_UNGUARDED_AVAILABILITY = YES_AGGRESSIVE;
				CLANG_WARN_UNREACHABLE_CODE = YES;
				CLANG_WARN__DUPLICATE_METHOD_MATCH = YES;
				COPY_PHASE_STRIP = NO;
				DEBUG_INFORMATION_FORMAT = dwarf;
				ENABLE_STRICT_OBJC_MSGSEND = YES;
				ENABLE_TESTABILITY = YES;
				GCC_C_LANGUAGE_STANDARD = gnu11;
				GCC_DYNAMIC_NO_PIC = NO;
				GCC_NO_COMMON_BLOCKS = YES;
				GCC_OPTIMIZATION_LEVEL = 0;
				GCC_PREPROCESSOR_DEFINITIONS = (
					"$(inherited)",
					"DEBUG=1",
				);
				GCC_WARN_64_TO_32_BIT_CONVERSION = YES;
				GCC_WARN_ABOUT_RETURN_TYPE = YES_ERROR;
				GCC_WARN_UNDECLARED_SELECTOR = YES;
				GCC_WARN_UNINITIALIZED_AUTOS = YES_AGGRESSIVE;
				GCC_WARN_UNUSED_FUNCTION = YES;
				GCC_WARN_UNUSED_VARIABLE = YES;
				IPHONEOS_DEPLOYMENT_TARGET = 17.0;
				MTL_ENABLE_DEBUG_INFO = INCLUDE_SOURCE;
				MTL_FAST_MATH = YES;
				ONLY_ACTIVE_ARCH = YES;
				PRODUCT_NAME = "$(TARGET_NAME)";
				SDKROOT = iphoneos;
				SWIFT_ACTIVE_COMPILATION_CONDITIONS = DEBUG;
				SWIFT_OPTIMIZATION_LEVEL = "-Onone";
				SWIFT_VERSION = 6.0;
			};
			name = Debug;
		};
		10F799AB4C5FC77991BCE36A /* Release */ = {
			isa = XCBuildConfiguration;
			buildSettings = {
				ASSETCATALOG_COMPILER_APPICON_NAME = AppIcon;
				CODE_SIGN_ENTITLEMENTS = CodeNativeiOSDemo/CodeNativeiOSDemo.entitlements;
				CODE_SIGN_IDENTITY = "iPhone Developer";
				CURRENT_PROJECT_VERSION = 1;
				GENERATE_INFOPLIST_FILE = YES;
				INFOPLIST_KEY_CFBundleDisplayName = "Every Code Companion";
				INFOPLIST_KEY_CFBundleIconName = AppIcon;
				INFOPLIST_KEY_CFBundleShortVersionString = "$(MARKETING_VERSION)";
				INFOPLIST_KEY_CFBundleVersion = "$(CURRENT_PROJECT_VERSION)";
				INFOPLIST_KEY_ITSAppUsesNonExemptEncryption = NO;
				INFOPLIST_KEY_NSCameraUsageDescription = "Scan pairing QR codes from your Mac companion to connect quickly.";
				INFOPLIST_KEY_NSMicrophoneUsageDescription = "Voice capture sends your speech to on-device recognition.";
				INFOPLIST_KEY_NSSpeechRecognitionUsageDescription = "Speech recognition converts your voice into prompt text.";
				INFOPLIST_KEY_UIApplicationSceneManifest_Generation = YES;
				INFOPLIST_KEY_UILaunchScreen_Generation = YES;
				INFOPLIST_KEY_UISupportedInterfaceOrientations_iPad = "UIInterfaceOrientationPortrait UIInterfaceOrientationPortraitUpsideDown UIInterfaceOrientationLandscapeLeft UIInterfaceOrientationLandscapeRight";
				INFOPLIST_KEY_UISupportedInterfaceOrientations_iPhone = "UIInterfaceOrientationPortrait UIInterfaceOrientationLandscapeLeft UIInterfaceOrientationLandscapeRight";
				LD_RUNPATH_SEARCH_PATHS = (
					"$(inherited)",
					"@executable_path/Frameworks",
				);
				MARKETING_VERSION = 1.0.0;
				PRODUCT_BUNDLE_IDENTIFIER = com.shinycomputers.everycodecompanion;
				PRODUCT_NAME = CodeNativeiOSDemo;
				SDKROOT = iphoneos;
				SUPPORTS_MACCATALYST = NO;
				TARGETED_DEVICE_FAMILY = "1,2";
			};
			name = Release;
		};
		11F40138B3D2661599E59612 /* Release */ = {
			isa = XCBuildConfiguration;
			buildSettings = {
				ALWAYS_SEARCH_USER_PATHS = NO;
				CLANG_ANALYZER_NONNULL = YES;
				CLANG_ANALYZER_NUMBER_OBJECT_CONVERSION = YES_AGGRESSIVE;
				CLANG_CXX_LANGUAGE_STANDARD = "gnu++14";
				CLANG_CXX_LIBRARY = "libc++";
				CLANG_ENABLE_MODULES = YES;
				CLANG_ENABLE_OBJC_ARC = YES;
				CLANG_ENABLE_OBJC_WEAK = YES;
				CLANG_WARN_BLOCK_CAPTURE_AUTORELEASING = YES;
				CLANG_WARN_BOOL_CONVERSION = YES;
				CLANG_WARN_COMMA = YES;
				CLANG_WARN_CONSTANT_CONVERSION = YES;
				CLANG_WARN_DEPRECATED_OBJC_IMPLEMENTATIONS = YES;
				CLANG_WARN_DIRECT_OBJC_ISA_USAGE = YES_ERROR;
				CLANG_WARN_DOCUMENTATION_COMMENTS = YES;
				CLANG_WARN_EMPTY_BODY = YES;
				CLANG_WARN_ENUM_CONVERSION = YES;
				CLANG_WARN_INFINITE_RECURSION = YES;
				CLANG_WARN_INT_CONVERSION = YES;
				CLANG_WARN_NON_LITERAL_NULL_CONVERSION = YES;
				CLANG_WARN_OBJC_IMPLICIT_RETAIN_SELF = YES;
				CLANG_WARN_OBJC_LITERAL_CONVERSION = YES;
				CLANG_WARN_OBJC_ROOT_CLASS = YES_ERROR;
				CLANG_WARN_QUOTED_INCLUDE_IN_FRAMEWORK_HEADER = YES;
				CLANG_WARN_RANGE_LOOP_ANALYSIS = YES;
				CLANG_WARN_STRICT_PROTOTYPES = YES;
				CLANG_WARN_SUSPICIOUS_MOVE = YES;
				CLANG_WARN_UNGUARDED_AVAILABILITY = YES_AGGRESSIVE;
				CLANG_WARN_UNREACHABLE_CODE = YES;
				CLANG_WARN__DUPLICATE_METHOD_MATCH = YES;
				COPY_PHASE_STRIP = NO;
				DEBUG_INFORMATION_FORMAT = "dwarf-with-dsym";
				ENABLE_NS_ASSERTIONS = NO;
				ENABLE_STRICT_OBJC_MSGSEND = YES;
				GCC_C_LANGUAGE_STANDARD = gnu11;
				GCC_NO_COMMON_BLOCKS = YES;
				GCC_WARN_64_TO_32_BIT_CONVERSION = YES;
				GCC_WARN_ABOUT_RETURN_TYPE = YES_ERROR;
				GCC_WARN_UNDECLARED_SELECTOR = YES;
				GCC_WARN_UNINITIALIZED_AUTOS = YES_AGGRESSIVE;
				GCC_WARN_UNUSED_FUNCTION = YES;
				GCC_WARN_UNUSED_VARIABLE = YES;
				IPHONEOS_DEPLOYMENT_TARGET = 17.0;
				MTL_ENABLE_DEBUG_INFO = NO;
				MTL_FAST_MATH = YES;
				PRODUCT_NAME = "$(TARGET_NAME)";
				SDKROOT = iphoneos;
				SWIFT_COMPILATION_MODE = wholemodule;
				SWIFT_OPTIMIZATION_LEVEL = "-O";
				SWIFT_VERSION = 6.0;
			};
			name = Release;
		};
		42BBBAA1F299D69D892581B1 /* Debug */ = {
			isa = XCBuildConfiguration;
			buildSettings = {
				BUNDLE_LOADER = "$(TEST_HOST)";
				GENERATE_INFOPLIST_FILE = YES;
				LD_RUNPATH_SEARCH_PATHS = (
					"$(inherited)",
					"@executable_path/Frameworks",
					"@loader_path/Frameworks",
				);
				PRODUCT_BUNDLE_IDENTIFIER = com.shinycomputers.everycodecompanion.uitests;
				SDKROOT = iphoneos;
				TARGETED_DEVICE_FAMILY = "1,2";
				TEST_TARGET_NAME = CodeNativeiOSDemo;
			};
			name = Debug;
		};
		6A4BC4964801A41254C6FAF8 /* Release */ = {
			isa = XCBuildConfiguration;
			buildSettings = {
				BUNDLE_LOADER = "$(TEST_HOST)";
				GENERATE_INFOPLIST_FILE = YES;
				LD_RUNPATH_SEARCH_PATHS = (
					"$(inherited)",
					"@executable_path/Frameworks",
					"@loader_path/Frameworks",
				);
				PRODUCT_BUNDLE_IDENTIFIER = com.shinycomputers.everycodecompanion.uitests;
				SDKROOT = iphoneos;
				TARGETED_DEVICE_FAMILY = "1,2";
				TEST_TARGET_NAME = CodeNativeiOSDemo;
			};
			name = Release;
		};
		D72888DC1D46F2F24A1ABCB6 /* Debug */ = {
			isa = XCBuildConfiguration;
			buildSettings = {
				ASSETCATALOG_COMPILER_APPICON_NAME = AppIcon;
				CODE_SIGN_ENTITLEMENTS = CodeNativeiOSDemo/CodeNativeiOSDemo.entitlements;
				CODE_SIGN_IDENTITY = "iPhone Developer";
				CURRENT_PROJECT_VERSION = 1;
				GENERATE_INFOPLIST_FILE = YES;
				INFOPLIST_KEY_CFBundleDisplayName = "Every Code Companion";
				INFOPLIST_KEY_CFBundleIconName = AppIcon;
				INFOPLIST_KEY_CFBundleShortVersionString = "$(MARKETING_VERSION)";
				INFOPLIST_KEY_CFBundleVersion = "$(CURRENT_PROJECT_VERSION)";
				INFOPLIST_KEY_ITSAppUsesNonExemptEncryption = NO;
				INFOPLIST_KEY_NSCameraUsageDescription = "Scan pairing QR codes from your Mac companion to connect quickly.";
				INFOPLIST_KEY_NSMicrophoneUsageDescription = "Voice capture sends your speech to on-device recognition.";
				INFOPLIST_KEY_NSSpeechRecognitionUsageDescription = "Speech recognition converts your voice into prompt text.";
				INFOPLIST_KEY_UIApplicationSceneManifest_Generation = YES;
				INFOPLIST_KEY_UILaunchScreen_Generation = YES;
				INFOPLIST_KEY_UISupportedInterfaceOrientations_iPad = "UIInterfaceOrientationPortrait UIInterfaceOrientationPortraitUpsideDown UIInterfaceOrientationLandscapeLeft UIInterfaceOrientationLandscapeRight";
				INFOPLIST_KEY_UISupportedInterfaceOrientations_iPhone = "UIInterfaceOrientationPortrait UIInterfaceOrientationLandscapeLeft UIInterfaceOrientationLandscapeRight";
				LD_RUNPATH_SEARCH_PATHS = (
					"$(inherited)",
					"@executable_path/Frameworks",
				);
				MARKETING_VERSION = 1.0.0;
				PRODUCT_BUNDLE_IDENTIFIER = com.shinycomputers.everycodecompanion;
				PRODUCT_NAME = CodeNativeiOSDemo;
				SDKROOT = iphoneos;
				SUPPORTS_MACCATALYST = NO;
				TARGETED_DEVICE_FAMILY = "1,2";
			};
			name = Debug;
		};
/* End XCBuildConfiguration section */

/* Begin XCConfigurationList section */
		9656ADB73739964F9207C423 /* Build configuration list for PBXNativeTarget "CodeNativeiOSDemo" */ = {
			isa = XCConfigurationList;
			buildConfigurations = (
				D72888DC1D46F2F24A1ABCB6 /* Debug */,
				10F799AB4C5FC77991BCE36A /* Release */,
			);
			defaultConfigurationIsVisible = 0;
			defaultConfigurationName = Debug;
		};
		D83059079F8F0E6E5ACD8A30 /* Build configuration list for PBXNativeTarget "CodeNativeiOSDemoUITests" */ = {
			isa = XCConfigurationList;
			buildConfigurations = (
				42BBBAA1F299D69D892581B1 /* Debug */,
				6A4BC4964801A41254C6FAF8 /* Release */,
			);
			defaultConfigurationIsVisible = 0;
			defaultConfigurationName = Debug;
		};
		DF7F15A212B77F27D4A05CE6 /* Build configuration list for PBXProject "CodeNativeiOSDemo" */ = {
			isa = XCConfigurationList;
			buildConfigurations = (
				091F8FD567B199B33AF06AD7 /* Debug */,
				11F40138B3D2661599E59612 /* Release */,
			);
			defaultConfigurationIsVisible = 0;
			defaultConfigurationName = Debug;
		};
/* End XCConfigurationList section */
	};
	rootObject = 51C9E763DB0612FC6336E97A /* Project object */;
}
